// !$*UTF8*$!
{
	archiveVersion = 1;
	classes = {
	};
	objectVersion = 46;
	objects = {

/* Begin PBXBuildFile section */
		622518AB1E0DBD8500068770 /* FiberViewController.swift in Sources */ = {isa = PBXBuildFile; fileRef = 622518AA1E0DBD8500068770 /* FiberViewController.swift */; };
		62B3966E1E0617630095AC3D /* AppDelegate.swift in Sources */ = {isa = PBXBuildFile; fileRef = 62B3966D1E0617630095AC3D /* AppDelegate.swift */; };
		62B396701E0617630095AC3D /* ViewController.swift in Sources */ = {isa = PBXBuildFile; fileRef = 62B3966F1E0617630095AC3D /* ViewController.swift */; };
		62B396731E0617630095AC3D /* Main.storyboard in Resources */ = {isa = PBXBuildFile; fileRef = 62B396711E0617630095AC3D /* Main.storyboard */; };
		62B396761E0617630095AC3D /* GDT_Manufacturing.xcdatamodeld in Sources */ = {isa = PBXBuildFile; fileRef = 62B396741E0617630095AC3D /* GDT_Manufacturing.xcdatamodeld */; };
		62B396781E0617630095AC3D /* Assets.xcassets in Resources */ = {isa = PBXBuildFile; fileRef = 62B396771E0617630095AC3D /* Assets.xcassets */; };
		62B3967B1E0617630095AC3D /* LaunchScreen.storyboard in Resources */ = {isa = PBXBuildFile; fileRef = 62B396791E0617630095AC3D /* LaunchScreen.storyboard */; };
/* End PBXBuildFile section */

/* Begin PBXFileReference section */
		622518AA1E0DBD8500068770 /* FiberViewController.swift */ = {isa = PBXFileReference; fileEncoding = 4; lastKnownFileType = sourcecode.swift; path = FiberViewController.swift; sourceTree = "<group>"; };
		62B3966A1E0617630095AC3D /* GDT Manufacturing.app */ = {isa = PBXFileReference; explicitFileType = wrapper.application; includeInIndex = 0; path = "GDT Manufacturing.app"; sourceTree = BUILT_PRODUCTS_DIR; };
		62B3966D1E0617630095AC3D /* AppDelegate.swift */ = {isa = PBXFileReference; lastKnownFileType = sourcecode.swift; path = AppDelegate.swift; sourceTree = "<group>"; };
		62B3966F1E0617630095AC3D /* ViewController.swift */ = {isa = PBXFileReference; lastKnownFileType = sourcecode.swift; path = ViewController.swift; sourceTree = "<group>"; };
		62B396721E0617630095AC3D /* Base */ = {isa = PBXFileReference; lastKnownFileType = file.storyboard; name = Base; path = Base.lproj/Main.storyboard; sourceTree = "<group>"; };
		62B396751E0617630095AC3D /* GDT_Manufacturing.xcdatamodel */ = {isa = PBXFileReference; lastKnownFileType = wrapper.xcdatamodel; path = GDT_Manufacturing.xcdatamodel; sourceTree = "<group>"; };
		62B396771E0617630095AC3D /* Assets.xcassets */ = {isa = PBXFileReference; lastKnownFileType = folder.assetcatalog; path = Assets.xcassets; sourceTree = "<group>"; };
		62B3967A1E0617630095AC3D /* Base */ = {isa = PBXFileReference; lastKnownFileType = file.storyboard; name = Base; path = Base.lproj/LaunchScreen.storyboard; sourceTree = "<group>"; };
		62B3967C1E0617630095AC3D /* Info.plist */ = {isa = PBXFileReference; lastKnownFileType = text.plist.xml; path = Info.plist; sourceTree = "<group>"; };
/* End PBXFileReference section */

/* Begin PBXFrameworksBuildPhase section */
		62B396671E0617630095AC3D /* Frameworks */ = {
			isa = PBXFrameworksBuildPhase;
			buildActionMask = 2147483647;
			files = (
			);
			runOnlyForDeploymentPostprocessing = 0;
		};
/* End PBXFrameworksBuildPhase section */

/* Begin PBXGroup section */
		62B396611E0617630095AC3D = {
			isa = PBXGroup;
			children = (
				62B3966C1E0617630095AC3D /* GDT Manufacturing */,
				62B3966B1E0617630095AC3D /* Products */,
			);
			sourceTree = "<group>";
		};
		62B3966B1E0617630095AC3D /* Products */ = {
			isa = PBXGroup;
			children = (
				62B3966A1E0617630095AC3D /* GDT Manufacturing.app */,
			);
			name = Products;
			sourceTree = "<group>";
		};
		62B3966C1E0617630095AC3D /* GDT Manufacturing */ = {
			isa = PBXGroup;
			children = (
				62B3966D1E0617630095AC3D /* AppDelegate.swift */,
				62B3966F1E0617630095AC3D /* ViewController.swift */,
				62B396711E0617630095AC3D /* Main.storyboard */,
				622518AA1E0DBD8500068770 /* FiberViewController.swift */,
				62B396771E0617630095AC3D /* Assets.xcassets */,
				62B396791E0617630095AC3D /* LaunchScreen.storyboard */,
				62B3967C1E0617630095AC3D /* Info.plist */,
				62B396741E0617630095AC3D /* GDT_Manufacturing.xcdatamodeld */,
			);
			path = "GDT Manufacturing";
			sourceTree = "<group>";
		};
/* End PBXGroup section */

/* Begin PBXNativeTarget section */
		62B396691E0617630095AC3D /* GDT Manufacturing */ = {
			isa = PBXNativeTarget;
			buildConfigurationList = 62B3967F1E0617630095AC3D /* Build configuration list for PBXNativeTarget "GDT Manufacturing" */;
			buildPhases = (
				62B396661E0617630095AC3D /* Sources */,
				62B396671E0617630095AC3D /* Frameworks */,
				62B396681E0617630095AC3D /* Resources */,
			);
			buildRules = (
			);
			dependencies = (
			);
			name = "GDT Manufacturing";
			productName = "GDT Manufacturing";
			productReference = 62B3966A1E0617630095AC3D /* GDT Manufacturing.app */;
			productType = "com.apple.product-type.application";
		};
/* End PBXNativeTarget section */

/* Begin PBXProject section */
		62B396621E0617630095AC3D /* Project object */ = {
			isa = PBXProject;
			attributes = {
				LastSwiftUpdateCheck = 0820;
				LastUpgradeCheck = 0820;
				ORGANIZATIONNAME = "Affinity for Apps";
				TargetAttributes = {
					62B396691E0617630095AC3D = {
						CreatedOnToolsVersion = 8.2;
						DevelopmentTeam = 5ZR8E9ADDM;
						ProvisioningStyle = Automatic;
					};
				};
			};
			buildConfigurationList = 62B396651E0617630095AC3D /* Build configuration list for PBXProject "GDT Manufacturing" */;
			compatibilityVersion = "Xcode 3.2";
			developmentRegion = English;
			hasScannedForEncodings = 0;
			knownRegions = (
				en,
				Base,
			);
			mainGroup = 62B396611E0617630095AC3D;
			productRefGroup = 62B3966B1E0617630095AC3D /* Products */;
			projectDirPath = "";
			projectRoot = "";
			targets = (
				62B396691E0617630095AC3D /* GDT Manufacturing */,
			);
		};
/* End PBXProject section */

/* Begin PBXResourcesBuildPhase section */
		62B396681E0617630095AC3D /* Resources */ = {
			isa = PBXResourcesBuildPhase;
			buildActionMask = 2147483647;
			files = (
				62B3967B1E0617630095AC3D /* LaunchScreen.storyboard in Resources */,
				62B396781E0617630095AC3D /* Assets.xcassets in Resources */,
				62B396731E0617630095AC3D /* Main.storyboard in Resources */,
			);
			runOnlyForDeploymentPostprocessing = 0;
		};
/* End PBXResourcesBuildPhase section */

/* Begin PBXSourcesBuildPhase section */
		62B396661E0617630095AC3D /* Sources */ = {
			isa = PBXSourcesBuildPhase;
			buildActionMask = 2147483647;
			files = (
				62B396701E0617630095AC3D /* ViewController.swift in Sources */,
				62B396761E0617630095AC3D /* GDT_Manufacturing.xcdatamodeld in Sources */,
				62B3966E1E0617630095AC3D /* AppDelegate.swift in Sources */,
				622518AB1E0DBD8500068770 /* FiberViewController.swift in Sources */,
			);
			runOnlyForDeploymentPostprocessing = 0;
		};
/* End PBXSourcesBuildPhase section */

/* Begin PBXVariantGroup section */
		62B396711E0617630095AC3D /* Main.storyboard */ = {
			isa = PBXVariantGroup;
			children = (
				62B396721E0617630095AC3D /* Base */,
			);
			name = Main.storyboard;
			sourceTree = "<group>";
		};
		62B396791E0617630095AC3D /* LaunchScreen.storyboard */ = {
			isa = PBXVariantGroup;
			children = (
				62B3967A1E0617630095AC3D /* Base */,
			);
			name = LaunchScreen.storyboard;
			sourceTree = "<group>";
		};
/* End PBXVariantGroup section */

/* Begin XCBuildConfiguration section */
		62B3967D1E0617630095AC3D /* Debug */ = {
			isa = XCBuildConfiguration;
			buildSettings = {
				ALWAYS_SEARCH_USER_PATHS = NO;
				CLANG_ANALYZER_NONNULL = YES;
				CLANG_CXX_LANGUAGE_STANDARD = "gnu++0x";
				CLANG_CXX_LIBRARY = "libc++";
				CLANG_ENABLE_MODULES = YES;
				CLANG_ENABLE_OBJC_ARC = YES;
				CLANG_WARN_BOOL_CONVERSION = YES;
				CLANG_WARN_CONSTANT_CONVERSION = YES;
				CLANG_WARN_DIRECT_OBJC_ISA_USAGE = YES_ERROR;
				CLANG_WARN_DOCUMENTATION_COMMENTS = YES;
				CLANG_WARN_EMPTY_BODY = YES;
				CLANG_WARN_ENUM_CONVERSION = YES;
				CLANG_WARN_INFINITE_RECURSION = YES;
				CLANG_WARN_INT_CONVERSION = YES;
				CLANG_WARN_OBJC_ROOT_CLASS = YES_ERROR;
				CLANG_WARN_SUSPICIOUS_MOVE = YES;
				CLANG_WARN_UNREACHABLE_CODE = YES;
				CLANG_WARN__DUPLICATE_METHOD_MATCH = YES;
				"CODE_SIGN_IDENTITY[sdk=iphoneos*]" = "iPhone Developer";
				COPY_PHASE_STRIP = NO;
				DEBUG_INFORMATION_FORMAT = dwarf;
				ENABLE_STRICT_OBJC_MSGSEND = YES;
				ENABLE_TESTABILITY = YES;
				GCC_C_LANGUAGE_STANDARD = gnu99;
				GCC_DYNAMIC_NO_PIC = NO;
				GCC_NO_COMMON_BLOCKS = YES;
				GCC_OPTIMIZATION_LEVEL = 0;
				GCC_PREPROCESSOR_DEFINITIONS = (
					"DEBUG=1",
					"$(inherited)",
				);
				GCC_WARN_64_TO_32_BIT_CONVERSION = YES;
				GCC_WARN_ABOUT_RETURN_TYPE = YES_ERROR;
				GCC_WARN_UNDECLARED_SELECTOR = YES;
				GCC_WARN_UNINITIALIZED_AUTOS = YES_AGGRESSIVE;
				GCC_WARN_UNUSED_FUNCTION = YES;
				GCC_WARN_UNUSED_VARIABLE = YES;
				IPHONEOS_DEPLOYMENT_TARGET = 10.2;
				MTL_ENABLE_DEBUG_INFO = YES;
				ONLY_ACTIVE_ARCH = YES;
				SDKROOT = iphoneos;
				SWIFT_ACTIVE_COMPILATION_CONDITIONS = DEBUG;
				SWIFT_OPTIMIZATION_LEVEL = "-Onone";
				TARGETED_DEVICE_FAMILY = "1,2";
			};
			name = Debug;
		};
		62B3967E1E0617630095AC3D /* Release */ = {
			isa = XCBuildConfiguration;
			buildSettings = {
				ALWAYS_SEARCH_USER_PATHS = NO;
				CLANG_ANALYZER_NONNULL = YES;
				CLANG_CXX_LANGUAGE_STANDARD = "gnu++0x";
				CLANG_CXX_LIBRARY = "libc++";
				CLANG_ENABLE_MODULES = YES;
				CLANG_ENABLE_OBJC_ARC = YES;
				CLANG_WARN_BOOL_CONVERSION = YES;
				CLANG_WARN_CONSTANT_CONVERSION = YES;
				CLANG_WARN_DIRECT_OBJC_ISA_USAGE = YES_ERROR;
				CLANG_WARN_DOCUMENTATION_COMMENTS = YES;
				CLANG_WARN_EMPTY_BODY = YES;
				CLANG_WARN_ENUM_CONVERSION = YES;
				CLANG_WARN_INFINITE_RECURSION = YES;
				CLANG_WARN_INT_CONVERSION = YES;
				CLANG_WARN_OBJC_ROOT_CLASS = YES_ERROR;
				CLANG_WARN_SUSPICIOUS_MOVE = YES;
				CLANG_WARN_UNREACHABLE_CODE = YES;
				CLANG_WARN__DUPLICATE_METHOD_MATCH = YES;
				"CODE_SIGN_IDENTITY[sdk=iphoneos*]" = "iPhone Developer";
				COPY_PHASE_STRIP = NO;
				DEBUG_INFORMATION_FORMAT = "dwarf-with-dsym";
				ENABLE_NS_ASSERTIONS = NO;
				ENABLE_STRICT_OBJC_MSGSEND = YES;
				GCC_C_LANGUAGE_STANDARD = gnu99;
				GCC_NO_COMMON_BLOCKS = YES;
				GCC_WARN_64_TO_32_BIT_CONVERSION = YES;
				GCC_WARN_ABOUT_RETURN_TYPE = YES_ERROR;
				GCC_WARN_UNDECLARED_SELECTOR = YES;
				GCC_WARN_UNINITIALIZED_AUTOS = YES_AGGRESSIVE;
				GCC_WARN_UNUSED_FUNCTION = YES;
				GCC_WARN_UNUSED_VARIABLE = YES;
				IPHONEOS_DEPLOYMENT_TARGET = 10.2;
				MTL_ENABLE_DEBUG_INFO = NO;
				SDKROOT = iphoneos;
				SWIFT_OPTIMIZATION_LEVEL = "-Owholemodule";
				TARGETED_DEVICE_FAMILY = "1,2";
				VALIDATE_PRODUCT = YES;
			};
			name = Release;
		};
		62B396801E0617630095AC3D /* Debug */ = {
			isa = XCBuildConfiguration;
			buildSettings = {
				ASSETCATALOG_COMPILER_APPICON_NAME = AppIcon;
				DEVELOPMENT_TEAM = 5ZR8E9ADDM;
				INFOPLIST_FILE = "GDT Manufacturing/Info.plist";
				LD_RUNPATH_SEARCH_PATHS = "$(inherited) @executable_path/Frameworks";
				PRODUCT_BUNDLE_IDENTIFIER = "com.AffinityforApps.GDT-Manufacturing";
				PRODUCT_NAME = "$(TARGET_NAME)";
				SWIFT_VERSION = 3.0;
			};
			name = Debug;
		};
		62B396811E0617630095AC3D /* Release */ = {
			isa = XCBuildConfiguration;
			buildSettings = {
				ASSETCATALOG_COMPILER_APPICON_NAME = AppIcon;
				DEVELOPMENT_TEAM = 5ZR8E9ADDM;
				INFOPLIST_FILE = "GDT Manufacturing/Info.plist";
				LD_RUNPATH_SEARCH_PATHS = "$(inherited) @executable_path/Frameworks";
				PRODUCT_BUNDLE_IDENTIFIER = "com.AffinityforApps.GDT-Manufacturing";
				PRODUCT_NAME = "$(TARGET_NAME)";
				SWIFT_VERSION = 3.0;
			};
			name = Release;
		};
/* End XCBuildConfiguration section */

/* Begin XCConfigurationList section */
		62B396651E0617630095AC3D /* Build configuration list for PBXProject "GDT Manufacturing" */ = {
			isa = XCConfigurationList;
			buildConfigurations = (
				62B3967D1E0617630095AC3D /* Debug */,
				62B3967E1E0617630095AC3D /* Release */,
			);
			defaultConfigurationIsVisible = 0;
			defaultConfigurationName = Release;
		};
		62B3967F1E0617630095AC3D /* Build configuration list for PBXNativeTarget "GDT Manufacturing" */ = {
			isa = XCConfigurationList;
			buildConfigurations = (
				62B396801E0617630095AC3D /* Debug */,
				62B396811E0617630095AC3D /* Release */,
			);
			defaultConfigurationIsVisible = 0;
			defaultConfigurationName = Release;
		};
/* End XCConfigurationList section */

/* Begin XCVersionGroup section */
		62B396741E0617630095AC3D /* GDT_Manufacturing.xcdatamodeld */ = {
			isa = XCVersionGroup;
			children = (
				62B396751E0617630095AC3D /* GDT_Manufacturing.xcdatamodel */,
			);
			currentVersion = 62B396751E0617630095AC3D /* GDT_Manufacturing.xcdatamodel */;
			path = GDT_Manufacturing.xcdatamodeld;
			sourceTree = "<group>";
			versionGroupType = wrapper.xcdatamodel;
		};
/* End XCVersionGroup section */
	};
	rootObject = 62B396621E0617630095AC3D /* Project object */;
}
